// !$*UTF8*$!
{
	archiveVersion = 1;
	classes = {
	};
	objectVersion = 46;
	objects = {

/* Begin PBXBuildFile section */
		2A08CB571DD664AD0009B070 /* UserProf.swift in Sources */ = {isa = PBXBuildFile; fileRef = 2A08CB561DD664AD0009B070 /* UserProf.swift */; };
		2AC65BE81DD152CE0070CCEA /* AppDelegate.swift in Sources */ = {isa = PBXBuildFile; fileRef = 2AC65BE71DD152CE0070CCEA /* AppDelegate.swift */; };
		2AC65BEA1DD152CE0070CCEA /* ViewController.swift in Sources */ = {isa = PBXBuildFile; fileRef = 2AC65BE91DD152CE0070CCEA /* ViewController.swift */; };
		2AC65BED1DD152CE0070CCEA /* Main.storyboard in Resources */ = {isa = PBXBuildFile; fileRef = 2AC65BEB1DD152CE0070CCEA /* Main.storyboard */; };
		2AC65BEF1DD152CE0070CCEA /* Assets.xcassets in Resources */ = {isa = PBXBuildFile; fileRef = 2AC65BEE1DD152CE0070CCEA /* Assets.xcassets */; };
		2AC65BF21DD152CE0070CCEA /* LaunchScreen.storyboard in Resources */ = {isa = PBXBuildFile; fileRef = 2AC65BF01DD152CE0070CCEA /* LaunchScreen.storyboard */; };
		2AC65BFB1DD153AE0070CCEA /* User.swift in Sources */ = {isa = PBXBuildFile; fileRef = 2AC65BFA1DD153AE0070CCEA /* User.swift */; };
		2AC65BFD1DD153CC0070CCEA /* People.swift in Sources */ = {isa = PBXBuildFile; fileRef = 2AC65BFC1DD153CC0070CCEA /* People.swift */; };
		2AC65C011DD1540C0070CCEA /* Webservices.swift in Sources */ = {isa = PBXBuildFile; fileRef = 2AC65C001DD1540C0070CCEA /* Webservices.swift */; };
		2AC65C031DD1542C0070CCEA /* NetworkModel.swift in Sources */ = {isa = PBXBuildFile; fileRef = 2AC65C021DD1542C0070CCEA /* NetworkModel.swift */; };
		2AC65C051DD154400070CCEA /* WebservicesExtension.swift in Sources */ = {isa = PBXBuildFile; fileRef = 2AC65C041DD154400070CCEA /* WebservicesExtension.swift */; };
		2AC65C081DD154640070CCEA /* Constants.swift in Sources */ = {isa = PBXBuildFile; fileRef = 2AC65C071DD154640070CCEA /* Constants.swift */; };
		2AC65C0A1DD154740070CCEA /* Utils.swift in Sources */ = {isa = PBXBuildFile; fileRef = 2AC65C091DD154740070CCEA /* Utils.swift */; };
		2AC65C0C1DD154890070CCEA /* UserStore.swift in Sources */ = {isa = PBXBuildFile; fileRef = 2AC65C0B1DD154890070CCEA /* UserStore.swift */; };
		2AC65C0F1DD154DB0070CCEA /* LoginViewController.swift in Sources */ = {isa = PBXBuildFile; fileRef = 2AC65C0E1DD154DB0070CCEA /* LoginViewController.swift */; };
		2AC65C111DD154F00070CCEA /* RegisterViewController.swift in Sources */ = {isa = PBXBuildFile; fileRef = 2AC65C101DD154F00070CCEA /* RegisterViewController.swift */; };
		2AC65C141DD156860070CCEA /* Login.storyboard in Resources */ = {isa = PBXBuildFile; fileRef = 2AC65C131DD156860070CCEA /* Login.storyboard */; };
		2AC65C171DD26ED80070CCEA /* MapViewController.swift in Sources */ = {isa = PBXBuildFile; fileRef = 2AC65C161DD26ED80070CCEA /* MapViewController.swift */; };
		2AC65C191DD2BF610070CCEA /* UserProfileViewController.swift in Sources */ = {isa = PBXBuildFile; fileRef = 2AC65C181DD2BF610070CCEA /* UserProfileViewController.swift */; };
		2AC65C1C1DD3B2B80070CCEA /* MapPin.swift in Sources */ = {isa = PBXBuildFile; fileRef = 2AC65C1B1DD3B2B80070CCEA /* MapPin.swift */; };
		2AC65C1E1DD4F7090070CCEA /* paintsville.gpx in Resources */ = {isa = PBXBuildFile; fileRef = 2AC65C1D1DD4F7090070CCEA /* paintsville.gpx */; };
		2AC65C261DD519170070CCEA /* CaughtTableViewCell.swift in Sources */ = {isa = PBXBuildFile; fileRef = 2AC65C251DD519170070CCEA /* CaughtTableViewCell.swift */; };
		2AC65C281DD51A6E0070CCEA /* CaughtTableViewController.swift in Sources */ = {isa = PBXBuildFile; fileRef = 2AC65C271DD51A6E0070CCEA /* CaughtTableViewController.swift */; };
		2AC65C2A1DD55F5E0070CCEA /* ImageViewViewController.swift in Sources */ = {isa = PBXBuildFile; fileRef = 2AC65C291DD55F5E0070CCEA /* ImageViewViewController.swift */; };
		410B9FC9B6E7D94A0E792A7F /* Pods_PeoplemonProject.framework in Frameworks */ = {isa = PBXBuildFile; fileRef = 2024CDD26CF25AA831899F4C /* Pods_PeoplemonProject.framework */; };
/* End PBXBuildFile section */

/* Begin PBXFileReference section */
		2024CDD26CF25AA831899F4C /* Pods_PeoplemonProject.framework */ = {isa = PBXFileReference; explicitFileType = wrapper.framework; includeInIndex = 0; path = Pods_PeoplemonProject.framework; sourceTree = BUILT_PRODUCTS_DIR; };
		2A08CB561DD664AD0009B070 /* UserProf.swift */ = {isa = PBXFileReference; fileEncoding = 4; lastKnownFileType = sourcecode.swift; name = UserProf.swift; path = Components/UserProf.swift; sourceTree = "<group>"; };
		2AC65BE41DD152CE0070CCEA /* PeoplemonProject.app */ = {isa = PBXFileReference; explicitFileType = wrapper.application; includeInIndex = 0; path = PeoplemonProject.app; sourceTree = BUILT_PRODUCTS_DIR; };
		2AC65BE71DD152CE0070CCEA /* AppDelegate.swift */ = {isa = PBXFileReference; lastKnownFileType = sourcecode.swift; path = AppDelegate.swift; sourceTree = "<group>"; };
		2AC65BE91DD152CE0070CCEA /* ViewController.swift */ = {isa = PBXFileReference; lastKnownFileType = sourcecode.swift; path = ViewController.swift; sourceTree = "<group>"; };
		2AC65BEC1DD152CE0070CCEA /* Base */ = {isa = PBXFileReference; lastKnownFileType = file.storyboard; name = Base; path = Base.lproj/Main.storyboard; sourceTree = "<group>"; };
		2AC65BEE1DD152CE0070CCEA /* Assets.xcassets */ = {isa = PBXFileReference; lastKnownFileType = folder.assetcatalog; path = Assets.xcassets; sourceTree = "<group>"; };
		2AC65BF11DD152CE0070CCEA /* Base */ = {isa = PBXFileReference; lastKnownFileType = file.storyboard; name = Base; path = Base.lproj/LaunchScreen.storyboard; sourceTree = "<group>"; };
		2AC65BF31DD152CE0070CCEA /* Info.plist */ = {isa = PBXFileReference; lastKnownFileType = text.plist.xml; path = Info.plist; sourceTree = "<group>"; };
		2AC65BFA1DD153AE0070CCEA /* User.swift */ = {isa = PBXFileReference; fileEncoding = 4; lastKnownFileType = sourcecode.swift; name = User.swift; path = Models/User.swift; sourceTree = "<group>"; };
		2AC65BFC1DD153CC0070CCEA /* People.swift */ = {isa = PBXFileReference; fileEncoding = 4; lastKnownFileType = sourcecode.swift; name = People.swift; path = Models/People.swift; sourceTree = "<group>"; };
		2AC65C001DD1540C0070CCEA /* Webservices.swift */ = {isa = PBXFileReference; fileEncoding = 4; lastKnownFileType = sourcecode.swift; name = Webservices.swift; path = Networking/Webservices.swift; sourceTree = "<group>"; };
		2AC65C021DD1542C0070CCEA /* NetworkModel.swift */ = {isa = PBXFileReference; fileEncoding = 4; lastKnownFileType = sourcecode.swift; name = NetworkModel.swift; path = Networking/NetworkModel.swift; sourceTree = "<group>"; };
		2AC65C041DD154400070CCEA /* WebservicesExtension.swift */ = {isa = PBXFileReference; fileEncoding = 4; lastKnownFileType = sourcecode.swift; name = WebservicesExtension.swift; path = Networking/WebservicesExtension.swift; sourceTree = "<group>"; };
		2AC65C071DD154640070CCEA /* Constants.swift */ = {isa = PBXFileReference; fileEncoding = 4; lastKnownFileType = sourcecode.swift; name = Constants.swift; path = Components/Constants.swift; sourceTree = "<group>"; };
		2AC65C091DD154740070CCEA /* Utils.swift */ = {isa = PBXFileReference; fileEncoding = 4; lastKnownFileType = sourcecode.swift; name = Utils.swift; path = Components/Utils.swift; sourceTree = "<group>"; };
		2AC65C0B1DD154890070CCEA /* UserStore.swift */ = {isa = PBXFileReference; fileEncoding = 4; lastKnownFileType = sourcecode.swift; name = UserStore.swift; path = Components/UserStore.swift; sourceTree = "<group>"; };
		2AC65C0E1DD154DB0070CCEA /* LoginViewController.swift */ = {isa = PBXFileReference; fileEncoding = 4; lastKnownFileType = sourcecode.swift; name = LoginViewController.swift; path = Controllers/LoginViewController.swift; sourceTree = "<group>"; };
		2AC65C101DD154F00070CCEA /* RegisterViewController.swift */ = {isa = PBXFileReference; fileEncoding = 4; lastKnownFileType = sourcecode.swift; name = RegisterViewController.swift; path = Controllers/RegisterViewController.swift; sourceTree = "<group>"; };
		2AC65C131DD156860070CCEA /* Login.storyboard */ = {isa = PBXFileReference; fileEncoding = 4; lastKnownFileType = file.storyboard; name = Login.storyboard; path = Storyboards/Login.storyboard; sourceTree = "<group>"; };
		2AC65C151DD156A10070CCEA /* ProjectPeoplemon.entitlements */ = {isa = PBXFileReference; fileEncoding = 4; lastKnownFileType = text.plist.entitlements; path = ProjectPeoplemon.entitlements; sourceTree = "<group>"; };
		2AC65C161DD26ED80070CCEA /* MapViewController.swift */ = {isa = PBXFileReference; fileEncoding = 4; lastKnownFileType = sourcecode.swift; name = MapViewController.swift; path = Controllers/MapViewController.swift; sourceTree = "<group>"; };
		2AC65C181DD2BF610070CCEA /* UserProfileViewController.swift */ = {isa = PBXFileReference; fileEncoding = 4; lastKnownFileType = sourcecode.swift; name = UserProfileViewController.swift; path = Controllers/UserProfileViewController.swift; sourceTree = "<group>"; };
		2AC65C1A1DD38D6D0070CCEA /* PeoplemonProject.entitlements */ = {isa = PBXFileReference; lastKnownFileType = text.plist.entitlements; path = PeoplemonProject.entitlements; sourceTree = "<group>"; };
		2AC65C1B1DD3B2B80070CCEA /* MapPin.swift */ = {isa = PBXFileReference; fileEncoding = 4; lastKnownFileType = sourcecode.swift; name = MapPin.swift; path = Components/MapPin.swift; sourceTree = "<group>"; };
		2AC65C1D1DD4F7090070CCEA /* paintsville.gpx */ = {isa = PBXFileReference; fileEncoding = 4; lastKnownFileType = text; path = paintsville.gpx; sourceTree = "<group>"; };
		2AC65C251DD519170070CCEA /* CaughtTableViewCell.swift */ = {isa = PBXFileReference; fileEncoding = 4; lastKnownFileType = sourcecode.swift; name = CaughtTableViewCell.swift; path = Controllers/CaughtTableViewCell.swift; sourceTree = "<group>"; };
		2AC65C271DD51A6E0070CCEA /* CaughtTableViewController.swift */ = {isa = PBXFileReference; fileEncoding = 4; lastKnownFileType = sourcecode.swift; path = CaughtTableViewController.swift; sourceTree = "<group>"; };
		2AC65C291DD55F5E0070CCEA /* ImageViewViewController.swift */ = {isa = PBXFileReference; fileEncoding = 4; lastKnownFileType = sourcecode.swift; path = ImageViewViewController.swift; sourceTree = "<group>"; };
		D8AA33DC2AFE4DD25B82A716 /* Pods-PeoplemonProject.debug.xcconfig */ = {isa = PBXFileReference; includeInIndex = 1; lastKnownFileType = text.xcconfig; name = "Pods-PeoplemonProject.debug.xcconfig"; path = "Pods/Target Support Files/Pods-PeoplemonProject/Pods-PeoplemonProject.debug.xcconfig"; sourceTree = "<group>"; };
		F4D4DF0F311B5FB3D035257D /* Pods-PeoplemonProject.release.xcconfig */ = {isa = PBXFileReference; includeInIndex = 1; lastKnownFileType = text.xcconfig; name = "Pods-PeoplemonProject.release.xcconfig"; path = "Pods/Target Support Files/Pods-PeoplemonProject/Pods-PeoplemonProject.release.xcconfig"; sourceTree = "<group>"; };
/* End PBXFileReference section */

/* Begin PBXFrameworksBuildPhase section */
		2AC65BE11DD152CE0070CCEA /* Frameworks */ = {
			isa = PBXFrameworksBuildPhase;
			buildActionMask = 2147483647;
			files = (
				410B9FC9B6E7D94A0E792A7F /* Pods_PeoplemonProject.framework in Frameworks */,
			);
			runOnlyForDeploymentPostprocessing = 0;
		};
/* End PBXFrameworksBuildPhase section */

/* Begin PBXGroup section */
		2AC65BDB1DD152CE0070CCEA = {
			isa = PBXGroup;
			children = (
				2AC65C151DD156A10070CCEA /* ProjectPeoplemon.entitlements */,
				2AC65C1D1DD4F7090070CCEA /* paintsville.gpx */,
				2AC65BE61DD152CE0070CCEA /* PeoplemonProject */,
				2AC65BE51DD152CE0070CCEA /* Products */,
				D590F1FA1D05A987C2253A02 /* Pods */,
				89A39A92D559851DA2990CB0 /* Frameworks */,
			);
			sourceTree = "<group>";
		};
		2AC65BE51DD152CE0070CCEA /* Products */ = {
			isa = PBXGroup;
			children = (
				2AC65BE41DD152CE0070CCEA /* PeoplemonProject.app */,
			);
			name = Products;
			sourceTree = "<group>";
		};
		2AC65BE61DD152CE0070CCEA /* PeoplemonProject */ = {
			isa = PBXGroup;
			children = (
				2AC65C1A1DD38D6D0070CCEA /* PeoplemonProject.entitlements */,
				2AC65C121DD156660070CCEA /* StoryBoards */,
				2AC65C0D1DD1549F0070CCEA /* Controllers */,
				2AC65C061DD154480070CCEA /* Components */,
				2AC65BFF1DD153EF0070CCEA /* Networking */,
				2AC65BF91DD153900070CCEA /* Models */,
				2AC65BE71DD152CE0070CCEA /* AppDelegate.swift */,
				2AC65BE91DD152CE0070CCEA /* ViewController.swift */,
				2AC65BEB1DD152CE0070CCEA /* Main.storyboard */,
				2AC65BEE1DD152CE0070CCEA /* Assets.xcassets */,
				2AC65BF01DD152CE0070CCEA /* LaunchScreen.storyboard */,
				2AC65BF31DD152CE0070CCEA /* Info.plist */,
			);
			path = PeoplemonProject;
			sourceTree = "<group>";
		};
		2AC65BF91DD153900070CCEA /* Models */ = {
			isa = PBXGroup;
			children = (
				2AC65BFC1DD153CC0070CCEA /* People.swift */,
				2AC65BFA1DD153AE0070CCEA /* User.swift */,
			);
			name = Models;
			sourceTree = "<group>";
		};
		2AC65BFF1DD153EF0070CCEA /* Networking */ = {
			isa = PBXGroup;
			children = (
				2AC65C001DD1540C0070CCEA /* Webservices.swift */,
				2AC65C021DD1542C0070CCEA /* NetworkModel.swift */,
				2AC65C041DD154400070CCEA /* WebservicesExtension.swift */,
			);
			name = Networking;
			sourceTree = "<group>";
		};
		2AC65C061DD154480070CCEA /* Components */ = {
			isa = PBXGroup;
			children = (
				2AC65C091DD154740070CCEA /* Utils.swift */,
				2AC65C071DD154640070CCEA /* Constants.swift */,
				2AC65C0B1DD154890070CCEA /* UserStore.swift */,
				2AC65C1B1DD3B2B80070CCEA /* MapPin.swift */,
				2A08CB561DD664AD0009B070 /* UserProf.swift */,
			);
			name = Components;
			sourceTree = "<group>";
		};
		2AC65C0D1DD1549F0070CCEA /* Controllers */ = {
			isa = PBXGroup;
			children = (
				2AC65C0E1DD154DB0070CCEA /* LoginViewController.swift */,
				2AC65C101DD154F00070CCEA /* RegisterViewController.swift */,
				2AC65C161DD26ED80070CCEA /* MapViewController.swift */,
				2AC65C181DD2BF610070CCEA /* UserProfileViewController.swift */,
				2AC65C251DD519170070CCEA /* CaughtTableViewCell.swift */,
				2AC65C271DD51A6E0070CCEA /* CaughtTableViewController.swift */,
				2AC65C291DD55F5E0070CCEA /* ImageViewViewController.swift */,
			);
			name = Controllers;
			sourceTree = "<group>";
		};
		2AC65C121DD156660070CCEA /* StoryBoards */ = {
			isa = PBXGroup;
			children = (
				2AC65C131DD156860070CCEA /* Login.storyboard */,
			);
			name = StoryBoards;
			sourceTree = "<group>";
		};
		89A39A92D559851DA2990CB0 /* Frameworks */ = {
			isa = PBXGroup;
			children = (
				2024CDD26CF25AA831899F4C /* Pods_PeoplemonProject.framework */,
			);
			name = Frameworks;
			sourceTree = "<group>";
		};
		D590F1FA1D05A987C2253A02 /* Pods */ = {
			isa = PBXGroup;
			children = (
				D8AA33DC2AFE4DD25B82A716 /* Pods-PeoplemonProject.debug.xcconfig */,
				F4D4DF0F311B5FB3D035257D /* Pods-PeoplemonProject.release.xcconfig */,
			);
			name = Pods;
			sourceTree = "<group>";
		};
/* End PBXGroup section */

/* Begin PBXNativeTarget section */
		2AC65BE31DD152CE0070CCEA /* PeoplemonProject */ = {
			isa = PBXNativeTarget;
			buildConfigurationList = 2AC65BF61DD152CE0070CCEA /* Build configuration list for PBXNativeTarget "PeoplemonProject" */;
			buildPhases = (
				93F4EE5C2234F23F70C01806 /* [CP] Check Pods Manifest.lock */,
				2AC65BE01DD152CE0070CCEA /* Sources */,
				2AC65BE11DD152CE0070CCEA /* Frameworks */,
				2AC65BE21DD152CE0070CCEA /* Resources */,
				AFB62FD60C6187BFEAA985DA /* [CP] Embed Pods Frameworks */,
				90089BECE90CA59E5E503B59 /* [CP] Copy Pods Resources */,
			);
			buildRules = (
			);
			dependencies = (
			);
			name = PeoplemonProject;
			productName = PeoplemonProject;
			productReference = 2AC65BE41DD152CE0070CCEA /* PeoplemonProject.app */;
			productType = "com.apple.product-type.application";
		};
/* End PBXNativeTarget section */

/* Begin PBXProject section */
		2AC65BDC1DD152CE0070CCEA /* Project object */ = {
			isa = PBXProject;
			attributes = {
				LastSwiftUpdateCheck = 0810;
				LastUpgradeCheck = 0810;
				ORGANIZATIONNAME = "Melissa Anderson";
				TargetAttributes = {
					2AC65BE31DD152CE0070CCEA = {
						CreatedOnToolsVersion = 8.1;
						DevelopmentTeam = 948HGVBD58;
						ProvisioningStyle = Automatic;
						SystemCapabilities = {
							com.apple.Keychain = {
								enabled = 1;
							};
						};
					};
				};
			};
			buildConfigurationList = 2AC65BDF1DD152CE0070CCEA /* Build configuration list for PBXProject "PeoplemonProject" */;
			compatibilityVersion = "Xcode 3.2";
			developmentRegion = English;
			hasScannedForEncodings = 0;
			knownRegions = (
				en,
				Base,
			);
			mainGroup = 2AC65BDB1DD152CE0070CCEA;
			productRefGroup = 2AC65BE51DD152CE0070CCEA /* Products */;
			projectDirPath = "";
			projectRoot = "";
			targets = (
				2AC65BE31DD152CE0070CCEA /* PeoplemonProject */,
			);
		};
/* End PBXProject section */

/* Begin PBXResourcesBuildPhase section */
		2AC65BE21DD152CE0070CCEA /* Resources */ = {
			isa = PBXResourcesBuildPhase;
			buildActionMask = 2147483647;
			files = (
				2AC65C1E1DD4F7090070CCEA /* paintsville.gpx in Resources */,
				2AC65BF21DD152CE0070CCEA /* LaunchScreen.storyboard in Resources */,
				2AC65BEF1DD152CE0070CCEA /* Assets.xcassets in Resources */,
				2AC65BED1DD152CE0070CCEA /* Main.storyboard in Resources */,
				2AC65C141DD156860070CCEA /* Login.storyboard in Resources */,
			);
			runOnlyForDeploymentPostprocessing = 0;
		};
/* End PBXResourcesBuildPhase section */

/* Begin PBXShellScriptBuildPhase section */
		90089BECE90CA59E5E503B59 /* [CP] Copy Pods Resources */ = {
			isa = PBXShellScriptBuildPhase;
			buildActionMask = 2147483647;
			files = (
			);
			inputPaths = (
			);
			name = "[CP] Copy Pods Resources";
			outputPaths = (
			);
			runOnlyForDeploymentPostprocessing = 0;
			shellPath = /bin/sh;
			shellScript = "\"${SRCROOT}/Pods/Target Support Files/Pods-PeoplemonProject/Pods-PeoplemonProject-resources.sh\"\n";
			showEnvVarsInLog = 0;
		};
		93F4EE5C2234F23F70C01806 /* [CP] Check Pods Manifest.lock */ = {
			isa = PBXShellScriptBuildPhase;
			buildActionMask = 2147483647;
			files = (
			);
			inputPaths = (
			);
			name = "[CP] Check Pods Manifest.lock";
			outputPaths = (
			);
			runOnlyForDeploymentPostprocessing = 0;
			shellPath = /bin/sh;
			shellScript = "diff \"${PODS_ROOT}/../Podfile.lock\" \"${PODS_ROOT}/Manifest.lock\" > /dev/null\nif [ $? != 0 ] ; then\n    # print error to STDERR\n    echo \"error: The sandbox is not in sync with the Podfile.lock. Run 'pod install' or update your CocoaPods installation.\" >&2\n    exit 1\nfi\n";
			showEnvVarsInLog = 0;
		};
		AFB62FD60C6187BFEAA985DA /* [CP] Embed Pods Frameworks */ = {
			isa = PBXShellScriptBuildPhase;
			buildActionMask = 2147483647;
			files = (
			);
			inputPaths = (
			);
			name = "[CP] Embed Pods Frameworks";
			outputPaths = (
			);
			runOnlyForDeploymentPostprocessing = 0;
			shellPath = /bin/sh;
			shellScript = "\"${SRCROOT}/Pods/Target Support Files/Pods-PeoplemonProject/Pods-PeoplemonProject-frameworks.sh\"\n";
			showEnvVarsInLog = 0;
		};
/* End PBXShellScriptBuildPhase section */

/* Begin PBXSourcesBuildPhase section */
		2AC65BE01DD152CE0070CCEA /* Sources */ = {
			isa = PBXSourcesBuildPhase;
			buildActionMask = 2147483647;
			files = (
				2AC65C031DD1542C0070CCEA /* NetworkModel.swift in Sources */,
				2AC65C011DD1540C0070CCEA /* Webservices.swift in Sources */,
				2AC65C0A1DD154740070CCEA /* Utils.swift in Sources */,
				2AC65C261DD519170070CCEA /* CaughtTableViewCell.swift in Sources */,
				2AC65C281DD51A6E0070CCEA /* CaughtTableViewController.swift in Sources */,
				2AC65C111DD154F00070CCEA /* RegisterViewController.swift in Sources */,
				2AC65BFD1DD153CC0070CCEA /* People.swift in Sources */,
				2AC65BEA1DD152CE0070CCEA /* ViewController.swift in Sources */,
				2AC65C1C1DD3B2B80070CCEA /* MapPin.swift in Sources */,
				2AC65C171DD26ED80070CCEA /* MapViewController.swift in Sources */,
				2AC65BE81DD152CE0070CCEA /* AppDelegate.swift in Sources */,
				2A08CB571DD664AD0009B070 /* UserProf.swift in Sources */,
				2AC65C2A1DD55F5E0070CCEA /* ImageViewViewController.swift in Sources */,
				2AC65C0C1DD154890070CCEA /* UserStore.swift in Sources */,
				2AC65C191DD2BF610070CCEA /* UserProfileViewController.swift in Sources */,
				2AC65BFB1DD153AE0070CCEA /* User.swift in Sources */,
				2AC65C051DD154400070CCEA /* WebservicesExtension.swift in Sources */,
				2AC65C081DD154640070CCEA /* Constants.swift in Sources */,
				2AC65C0F1DD154DB0070CCEA /* LoginViewController.swift in Sources */,
			);
			runOnlyForDeploymentPostprocessing = 0;
		};
/* End PBXSourcesBuildPhase section */

/* Begin PBXVariantGroup section */
		2AC65BEB1DD152CE0070CCEA /* Main.storyboard */ = {
			isa = PBXVariantGroup;
			children = (
				2AC65BEC1DD152CE0070CCEA /* Base */,
			);
			name = Main.storyboard;
			sourceTree = "<group>";
		};
		2AC65BF01DD152CE0070CCEA /* LaunchScreen.storyboard */ = {
			isa = PBXVariantGroup;
			children = (
				2AC65BF11DD152CE0070CCEA /* Base */,
			);
			name = LaunchScreen.storyboard;
			sourceTree = "<group>";
		};
/* End PBXVariantGroup section */

/* Begin XCBuildConfiguration section */
		2AC65BF41DD152CE0070CCEA /* Debug */ = {
			isa = XCBuildConfiguration;
			buildSettings = {
				ALWAYS_SEARCH_USER_PATHS = NO;
				CLANG_ANALYZER_NONNULL = YES;
				CLANG_CXX_LANGUAGE_STANDARD = "gnu++0x";
				CLANG_CXX_LIBRARY = "libc++";
				CLANG_ENABLE_MODULES = YES;
				CLANG_ENABLE_OBJC_ARC = YES;
				CLANG_WARN_BOOL_CONVERSION = YES;
				CLANG_WARN_CONSTANT_CONVERSION = YES;
				CLANG_WARN_DIRECT_OBJC_ISA_USAGE = YES_ERROR;
				CLANG_WARN_DOCUMENTATION_COMMENTS = YES;
				CLANG_WARN_EMPTY_BODY = YES;
				CLANG_WARN_ENUM_CONVERSION = YES;
				CLANG_WARN_INFINITE_RECURSION = YES;
				CLANG_WARN_INT_CONVERSION = YES;
				CLANG_WARN_OBJC_ROOT_CLASS = YES_ERROR;
				CLANG_WARN_SUSPICIOUS_MOVES = YES;
				CLANG_WARN_UNREACHABLE_CODE = YES;
				CLANG_WARN__DUPLICATE_METHOD_MATCH = YES;
				"CODE_SIGN_IDENTITY[sdk=iphoneos*]" = "iPhone Developer";
				COPY_PHASE_STRIP = NO;
				DEBUG_INFORMATION_FORMAT = dwarf;
				ENABLE_STRICT_OBJC_MSGSEND = YES;
				ENABLE_TESTABILITY = YES;
				GCC_C_LANGUAGE_STANDARD = gnu99;
				GCC_DYNAMIC_NO_PIC = NO;
				GCC_NO_COMMON_BLOCKS = YES;
				GCC_OPTIMIZATION_LEVEL = 0;
				GCC_PREPROCESSOR_DEFINITIONS = (
					"DEBUG=1",
					"$(inherited)",
				);
				GCC_WARN_64_TO_32_BIT_CONVERSION = YES;
				GCC_WARN_ABOUT_RETURN_TYPE = YES_ERROR;
				GCC_WARN_UNDECLARED_SELECTOR = YES;
				GCC_WARN_UNINITIALIZED_AUTOS = YES_AGGRESSIVE;
				GCC_WARN_UNUSED_FUNCTION = YES;
				GCC_WARN_UNUSED_VARIABLE = YES;
				IPHONEOS_DEPLOYMENT_TARGET = 10.1;
				MTL_ENABLE_DEBUG_INFO = YES;
				ONLY_ACTIVE_ARCH = YES;
				SDKROOT = iphoneos;
				SWIFT_ACTIVE_COMPILATION_CONDITIONS = DEBUG;
				SWIFT_OPTIMIZATION_LEVEL = "-Onone";
				TARGETED_DEVICE_FAMILY = "1,2";
			};
			name = Debug;
		};
		2AC65BF51DD152CE0070CCEA /* Release */ = {
			isa = XCBuildConfiguration;
			buildSettings = {
				ALWAYS_SEARCH_USER_PATHS = NO;
				CLANG_ANALYZER_NONNULL = YES;
				CLANG_CXX_LANGUAGE_STANDARD = "gnu++0x";
				CLANG_CXX_LIBRARY = "libc++";
				CLANG_ENABLE_MODULES = YES;
				CLANG_ENABLE_OBJC_ARC = YES;
				CLANG_WARN_BOOL_CONVERSION = YES;
				CLANG_WARN_CONSTANT_CONVERSION = YES;
				CLANG_WARN_DIRECT_OBJC_ISA_USAGE = YES_ERROR;
				CLANG_WARN_DOCUMENTATION_COMMENTS = YES;
				CLANG_WARN_EMPTY_BODY = YES;
				CLANG_WARN_ENUM_CONVERSION = YES;
				CLANG_WARN_INFINITE_RECURSION = YES;
				CLANG_WARN_INT_CONVERSION = YES;
				CLANG_WARN_OBJC_ROOT_CLASS = YES_ERROR;
				CLANG_WARN_SUSPICIOUS_MOVES = YES;
				CLANG_WARN_UNREACHABLE_CODE = YES;
				CLANG_WARN__DUPLICATE_METHOD_MATCH = YES;
				"CODE_SIGN_IDENTITY[sdk=iphoneos*]" = "iPhone Developer";
				COPY_PHASE_STRIP = NO;
				DEBUG_INFORMATION_FORMAT = "dwarf-with-dsym";
				ENABLE_NS_ASSERTIONS = NO;
				ENABLE_STRICT_OBJC_MSGSEND = YES;
				GCC_C_LANGUAGE_STANDARD = gnu99;
				GCC_NO_COMMON_BLOCKS = YES;
				GCC_WARN_64_TO_32_BIT_CONVERSION = YES;
				GCC_WARN_ABOUT_RETURN_TYPE = YES_ERROR;
				GCC_WARN_UNDECLARED_SELECTOR = YES;
				GCC_WARN_UNINITIALIZED_AUTOS = YES_AGGRESSIVE;
				GCC_WARN_UNUSED_FUNCTION = YES;
				GCC_WARN_UNUSED_VARIABLE = YES;
				IPHONEOS_DEPLOYMENT_TARGET = 10.1;
				MTL_ENABLE_DEBUG_INFO = NO;
				SDKROOT = iphoneos;
				SWIFT_OPTIMIZATION_LEVEL = "-Owholemodule";
				TARGETED_DEVICE_FAMILY = "1,2";
				VALIDATE_PRODUCT = YES;
			};
			name = Release;
		};
		2AC65BF71DD152CE0070CCEA /* Debug */ = {
			isa = XCBuildConfiguration;
			baseConfigurationReference = D8AA33DC2AFE4DD25B82A716 /* Pods-PeoplemonProject.debug.xcconfig */;
			buildSettings = {
				ASSETCATALOG_COMPILER_APPICON_NAME = AppIcon;
				CODE_SIGN_ENTITLEMENTS = PeoplemonProject/PeoplemonProject.entitlements;
				DEVELOPMENT_TEAM = 948HGVBD58;
				INFOPLIST_FILE = PeoplemonProject/Info.plist;
				LD_RUNPATH_SEARCH_PATHS = "$(inherited) @executable_path/Frameworks";
				PRODUCT_BUNDLE_IDENTIFIER = com.Interapt.PeoplemonProject;
				PRODUCT_NAME = "$(TARGET_NAME)";
				SWIFT_VERSION = 3.0;
			};
			name = Debug;
		};
		2AC65BF81DD152CE0070CCEA /* Release */ = {
			isa = XCBuildConfiguration;
			baseConfigurationReference = F4D4DF0F311B5FB3D035257D /* Pods-PeoplemonProject.release.xcconfig */;
			buildSettings = {
				ASSETCATALOG_COMPILER_APPICON_NAME = AppIcon;
				CODE_SIGN_ENTITLEMENTS = PeoplemonProject/PeoplemonProject.entitlements;
				DEVELOPMENT_TEAM = 948HGVBD58;
				INFOPLIST_FILE = PeoplemonProject/Info.plist;
				LD_RUNPATH_SEARCH_PATHS = "$(inherited) @executable_path/Frameworks";
				PRODUCT_BUNDLE_IDENTIFIER = com.Interapt.PeoplemonProject;
				PRODUCT_NAME = "$(TARGET_NAME)";
				SWIFT_VERSION = 3.0;
			};
			name = Release;
		};
/* End XCBuildConfiguration section */

/* Begin XCConfigurationList section */
		2AC65BDF1DD152CE0070CCEA /* Build configuration list for PBXProject "PeoplemonProject" */ = {
			isa = XCConfigurationList;
			buildConfigurations = (
				2AC65BF41DD152CE0070CCEA /* Debug */,
				2AC65BF51DD152CE0070CCEA /* Release */,
			);
			defaultConfigurationIsVisible = 0;
			defaultConfigurationName = Release;
		};
		2AC65BF61DD152CE0070CCEA /* Build configuration list for PBXNativeTarget "PeoplemonProject" */ = {
			isa = XCConfigurationList;
			buildConfigurations = (
				2AC65BF71DD152CE0070CCEA /* Debug */,
				2AC65BF81DD152CE0070CCEA /* Release */,
			);
			defaultConfigurationIsVisible = 0;
			defaultConfigurationName = Release;
		};
/* End XCConfigurationList section */
	};
	rootObject = 2AC65BDC1DD152CE0070CCEA /* Project object */;
}
